
Microsoft Visual Studio Solution File, Format Version 12.00
# Visual Studio 15
VisualStudioVersion = 15.0.28307.106
MinimumVisualStudioVersion = 10.0.40219.1
Project("{FAE04EC0-301F-11D3-BF4B-00C04F79EFBC}") = "Google Map", "Google Map\Google Map.csproj", "{764E6E9A-FA8A-4011-9D72-18D3781AF071}"
EndProject
Project("{FAE04EC0-301F-11D3-BF4B-00C04F79EFBC}") = "GoogleMap.Services", "GoogleMap.Services\GoogleMap.Services.csproj", "{221F5658-AB83-49E0-9144-1B315D4C63F3}"
EndProject
Project("{FAE04EC0-301F-11D3-BF4B-00C04F79EFBC}") = "GoogleMap.Test", "GoogleMap.Test\GoogleMap.Test.csproj", "{5161CEF2-D7C1-4F50-938D-063563B9A2E4}"
EndProject
Project("{FAE04EC0-301F-11D3-BF4B-00C04F79EFBC}") = "GoogleMap.Web", "GoogleMap.Web\GoogleMap.Web.csproj", "{87C3F7AB-9693-4CA5-9D32-975F29D799E3}"
EndProject
Global
	GlobalSection(SolutionConfigurationPlatforms) = preSolution
		Debug|Any CPU = Debug|Any CPU
		Release|Any CPU = Release|Any CPU
	EndGlobalSection
	GlobalSection(ProjectConfigurationPlatforms) = postSolution
		{764E6E9A-FA8A-4011-9D72-18D3781AF071}.Debug|Any CPU.ActiveCfg = Debug|Any CPU
		{764E6E9A-FA8A-4011-9D72-18D3781AF071}.Debug|Any CPU.Build.0 = Debug|Any CPU
		{764E6E9A-FA8A-4011-9D72-18D3781AF071}.Release|Any CPU.ActiveCfg = Release|Any CPU
		{764E6E9A-FA8A-4011-9D72-18D3781AF071}.Release|Any CPU.Build.0 = Release|Any CPU
		{221F5658-AB83-49E0-9144-1B315D4C63F3}.Debug|Any CPU.ActiveCfg = Debug|Any CPU
		{221F5658-AB83-49E0-9144-1B315D4C63F3}.Debug|Any CPU.Build.0 = Debug|Any CPU
		{221F5658-AB83-49E0-9144-1B315D4C63F3}.Release|Any CPU.ActiveCfg = Release|Any CPU
		{221F5658-AB83-49E0-9144-1B315D4C63F3}.Release|Any CPU.Build.0 = Release|Any CPU
		{5161CEF2-D7C1-4F50-938D-063563B9A2E4}.Debug|Any CPU.ActiveCfg = Debug|Any CPU
		{5161CEF2-D7C1-4F50-938D-063563B9A2E4}.Debug|Any CPU.Build.0 = Debug|Any CPU
		{5161CEF2-D7C1-4F50-938D-063563B9A2E4}.Release|Any CPU.ActiveCfg = Release|Any CPU
		{5161CEF2-D7C1-4F50-938D-063563B9A2E4}.Release|Any CPU.Build.0 = Release|Any CPU
		{87C3F7AB-9693-4CA5-9D32-975F29D799E3}.Debug|Any CPU.ActiveCfg = Debug|Any CPU
		{87C3F7AB-9693-4CA5-9D32-975F29D799E3}.Debug|Any CPU.Build.0 = Debug|Any CPU
		{87C3F7AB-9693-4CA5-9D32-975F29D799E3}.Release|Any CPU.ActiveCfg = Release|Any CPU
		{87C3F7AB-9693-4CA5-9D32-975F29D799E3}.Release|Any CPU.Build.0 = Release|Any CPU
	EndGlobalSection
	GlobalSection(SolutionProperties) = preSolution
		HideSolutionNode = FALSE
	EndGlobalSection
	GlobalSection(ExtensibilityGlobals) = postSolution
		SolutionGuid = {DE8AABCE-BE22-44C8-BA5B-D8B5FACAFCF2}
	EndGlobalSection
EndGlobal
